
Microsoft Visual Studio Solution File, Format Version 12.00
# Visual Studio Version 17
VisualStudioVersion = 17.4.33205.214
MinimumVisualStudioVersion = 10.0.40219.1
Project("{FAE04EC0-301F-11D3-BF4B-00C04F79EFBC}") = "NZWalks.API", "NZWalks.API\NZWalks.API.csproj", "{DAB16A3F-0FFA-4BEF-A92A-1C72EDEE19ED}"
EndProject
Global
	GlobalSection(SolutionConfigurationPlatforms) = preSolution
		Debug|Any CPU = Debug|Any CPU
		Release|Any CPU = Release|Any CPU
	EndGlobalSection
	GlobalSection(ProjectConfigurationPlatforms) = postSolution
		{DAB16A3F-0FFA-4BEF-A92A-1C72EDEE19ED}.Debug|Any CPU.ActiveCfg = Debug|Any CPU
		{DAB16A3F-0FFA-4BEF-A92A-1C72EDEE19ED}.Debug|Any CPU.Build.0 = Debug|Any CPU
		{DAB16A3F-0FFA-4BEF-A92A-1C72EDEE19ED}.Release|Any CPU.ActiveCfg = Release|Any CPU
		{DAB16A3F-0FFA-4BEF-A92A-1C72EDEE19ED}.Release|Any CPU.Build.0 = Release|Any CPU
	EndGlobalSection
	GlobalSection(SolutionProperties) = preSolution
		HideSolutionNode = FALSE
	EndGlobalSection
	GlobalSection(ExtensibilityGlobals) = postSolution
		SolutionGuid = {87F039DC-8FBC-446F-85D6-9A3ACB2C288C}
	EndGlobalSection
EndGlobal
